{
  "name": "mrhorse",
  "version": "1.0.0",
  "dependencies": {
    "async": {
      "version": "0.9.2",
      "from": "async@^0.9.0",
      "resolved": "https://registry.npmjs.org/async/-/async-0.9.2.tgz"
    },
    "boom": {
      "version": "2.7.1",
      "from": "boom@^2.6.1",
      "resolved": "https://registry.npmjs.org/boom/-/boom-2.7.1.tgz"
    },
    "coveralls": {
      "version": "2.11.2",
      "from": "coveralls@",
      "resolved": "https://registry.npmjs.org/coveralls/-/coveralls-2.11.2.tgz",
      "dependencies": {
        "js-yaml": {
          "version": "3.0.1",
          "from": "js-yaml@3.0.1",
          "resolved": "https://registry.npmjs.org/js-yaml/-/js-yaml-3.0.1.tgz",
          "dependencies": {
            "argparse": {
              "version": "0.1.16",
              "from": "argparse@~ 0.1.11",
              "resolved": "https://registry.npmjs.org/argparse/-/argparse-0.1.16.tgz",
              "dependencies": {
                "underscore": {
                  "version": "1.7.0",
                  "from": "underscore@~1.7.0",
                  "resolved": "https://registry.npmjs.org/underscore/-/underscore-1.7.0.tgz"
                },
                "underscore.string": {
                  "version": "2.4.0",
                  "from": "underscore.string@~2.4.0",
                  "resolved": "https://registry.npmjs.org/underscore.string/-/underscore.string-2.4.0.tgz"
                }
              }
            },
            "esprima": {
              "version": "1.0.4",
              "from": "esprima@~ 1.0.2",
              "resolved": "https://registry.npmjs.org/esprima/-/esprima-1.0.4.tgz"
            }
          }
        },
        "lcov-parse": {
          "version": "0.0.6",
          "from": "lcov-parse@0.0.6",
          "resolved": "https://registry.npmjs.org/lcov-parse/-/lcov-parse-0.0.6.tgz"
        },
        "log-driver": {
          "version": "1.2.4",
          "from": "log-driver@1.2.4",
          "resolved": "https://registry.npmjs.org/log-driver/-/log-driver-1.2.4.tgz"
        },
        "request": {
          "version": "2.40.0",
          "from": "request@2.40.0",
          "dependencies": {
            "qs": {
              "version": "1.0.2",
              "from": "qs@~1.0.0"
            },
            "json-stringify-safe": {
              "version": "5.0.1",
              "from": "json-stringify-safe@~5.0.0",
              "resolved": "https://registry.npmjs.org/json-stringify-safe/-/json-stringify-safe-5.0.1.tgz"
            },
            "mime-types": {
              "version": "1.0.2",
              "from": "mime-types@~1.0.1",
              "resolved": "https://registry.npmjs.org/mime-types/-/mime-types-1.0.2.tgz"
            },
            "forever-agent": {
              "version": "0.5.2",
              "from": "forever-agent@~0.5.0",
              "resolved": "https://registry.npmjs.org/forever-agent/-/forever-agent-0.5.2.tgz"
            },
            "node-uuid": {
              "version": "1.4.3",
              "from": "node-uuid@~1.4.0",
              "resolved": "https://registry.npmjs.org/node-uuid/-/node-uuid-1.4.3.tgz"
            },
            "tough-cookie": {
              "version": "1.1.0",
              "from": "tough-cookie@>=0.12.0",
              "resolved": "https://registry.npmjs.org/tough-cookie/-/tough-cookie-1.1.0.tgz"
            },
            "form-data": {
              "version": "0.1.4",
              "from": "form-data@~0.1.0",
              "dependencies": {
                "combined-stream": {
                  "version": "0.0.7",
                  "from": "combined-stream@~0.0.4",
                  "resolved": "https://registry.npmjs.org/combined-stream/-/combined-stream-0.0.7.tgz",
                  "dependencies": {
                    "delayed-stream": {
                      "version": "0.0.5",
                      "from": "delayed-stream@0.0.5",
                      "resolved": "https://registry.npmjs.org/delayed-stream/-/delayed-stream-0.0.5.tgz"
                    }
                  }
                },
                "mime": {
                  "version": "1.2.11",
                  "from": "mime@~1.2.11",
                  "resolved": "https://registry.npmjs.org/mime/-/mime-1.2.11.tgz"
                }
              }
            },
            "tunnel-agent": {
              "version": "0.4.0",
              "from": "tunnel-agent@~0.4.0",
              "resolved": "https://registry.npmjs.org/tunnel-agent/-/tunnel-agent-0.4.0.tgz"
            },
            "http-signature": {
              "version": "0.10.1",
              "from": "http-signature@~0.10.0",
              "resolved": "https://registry.npmjs.org/http-signature/-/http-signature-0.10.1.tgz",
              "dependencies": {
                "assert-plus": {
                  "version": "0.1.5",
                  "from": "assert-plus@^0.1.5",
                  "resolved": "https://registry.npmjs.org/assert-plus/-/assert-plus-0.1.5.tgz"
                },
                "asn1": {
                  "version": "0.1.11",
                  "from": "asn1@0.1.11",
                  "resolved": "https://registry.npmjs.org/asn1/-/asn1-0.1.11.tgz"
                },
                "ctype": {
                  "version": "0.5.3",
                  "from": "ctype@0.5.3",
                  "resolved": "https://registry.npmjs.org/ctype/-/ctype-0.5.3.tgz"
                }
              }
            },
            "oauth-sign": {
              "version": "0.3.0",
              "from": "oauth-sign@~0.3.0",
              "resolved": "https://registry.npmjs.org/oauth-sign/-/oauth-sign-0.3.0.tgz"
            },
            "hawk": {
              "version": "1.1.1",
              "from": "hawk@1.1.1",
              "resolved": "https://registry.npmjs.org/hawk/-/hawk-1.1.1.tgz",
              "dependencies": {
                "hoek": {
                  "version": "0.9.1",
                  "from": "hoek@0.9.x",
                  "resolved": "https://registry.npmjs.org/hoek/-/hoek-0.9.1.tgz"
                },
                "boom": {
                  "version": "0.4.2",
                  "from": "boom@0.4.x",
                  "resolved": "https://registry.npmjs.org/boom/-/boom-0.4.2.tgz"
                },
                "cryptiles": {
                  "version": "0.2.2",
                  "from": "cryptiles@0.2.x",
                  "resolved": "https://registry.npmjs.org/cryptiles/-/cryptiles-0.2.2.tgz"
                },
                "sntp": {
                  "version": "0.2.4",
                  "from": "sntp@0.2.x",
                  "resolved": "https://registry.npmjs.org/sntp/-/sntp-0.2.4.tgz"
                }
              }
            },
            "aws-sign2": {
              "version": "0.5.0",
              "from": "aws-sign2@~0.5.0",
              "resolved": "https://registry.npmjs.org/aws-sign2/-/aws-sign2-0.5.0.tgz"
            },
            "stringstream": {
              "version": "0.0.4",
              "from": "stringstream@~0.0.4",
              "resolved": "https://registry.npmjs.org/stringstream/-/stringstream-0.0.4.tgz"
            }
          }
        }
      }
    },
    "hoek": {
      "version": "2.13.0",
      "from": "hoek@",
      "resolved": "https://registry.npmjs.org/hoek/-/hoek-2.13.0.tgz"
    },
    "lodash": {
      "version": "3.9.1",
      "from": "lodash@",
      "resolved": "https://registry.npmjs.org/lodash/-/lodash-3.9.1.tgz"
    }
  }
}
