{
  "name": "mrhorse",
  "version": "1.1.0",
  "dependencies": {
    "async": {
      "version": "1.2.1",
      "from": "async@1.2.1",
      "resolved": "https://registry.npmjs.org/async/-/async-1.2.1.tgz"
    },
    "boom": {
      "version": "2.7.1",
      "from": "https://registry.npmjs.org/boom/-/boom-2.7.1.tgz",
      "resolved": "https://registry.npmjs.org/boom/-/boom-2.7.1.tgz"
    },
    "hoek": {
      "version": "2.13.0",
      "from": "https://registry.npmjs.org/hoek/-/hoek-2.13.0.tgz",
      "resolved": "https://registry.npmjs.org/hoek/-/hoek-2.13.0.tgz"
    },
    "lodash": {
      "version": "3.9.1",
      "from": "https://registry.npmjs.org/lodash/-/lodash-3.9.1.tgz",
      "resolved": "https://registry.npmjs.org/lodash/-/lodash-3.9.1.tgz"
    }
  }
}
